// !$*UTF8*$!
{
	archiveVersion = 1;
	classes = {
	};
	objectVersion = 50;
	objects = {

/* Begin PBXBuildFile section */
		D4E07EC125D61038003CD7DA /* AppDelegate.swift in Sources */ = {isa = PBXBuildFile; fileRef = D4E07EC025D61038003CD7DA /* AppDelegate.swift */; };
		D4E07EC325D61038003CD7DA /* SceneDelegate.swift in Sources */ = {isa = PBXBuildFile; fileRef = D4E07EC225D61038003CD7DA /* SceneDelegate.swift */; };
		D4E07EC525D61038003CD7DA /* ViewController.swift in Sources */ = {isa = PBXBuildFile; fileRef = D4E07EC425D61038003CD7DA /* ViewController.swift */; };
		D4E07EC825D61038003CD7DA /* Main.storyboard in Resources */ = {isa = PBXBuildFile; fileRef = D4E07EC625D61038003CD7DA /* Main.storyboard */; };
		D4E07ECA25D6103D003CD7DA /* Assets.xcassets in Resources */ = {isa = PBXBuildFile; fileRef = D4E07EC925D6103D003CD7DA /* Assets.xcassets */; };
		D4E07ECD25D6103D003CD7DA /* LaunchScreen.storyboard in Resources */ = {isa = PBXBuildFile; fileRef = D4E07ECB25D6103D003CD7DA /* LaunchScreen.storyboard */; };
		D4E07ED825D610F5003CD7DA /* ImageZoomView.swift in Sources */ = {isa = PBXBuildFile; fileRef = D4E07ED725D610F5003CD7DA /* ImageZoomView.swift */; };
/* End PBXBuildFile section */

/* Begin PBXFileReference section */
		D4E07EBD25D61038003CD7DA /* ImageZoomView.app */ = {isa = PBXFileReference; explicitFileType = wrapper.application; includeInIndex = 0; path = ImageZoomView.app; sourceTree = BUILT_PRODUCTS_DIR; };
		D4E07EC025D61038003CD7DA /* AppDelegate.swift */ = {isa = PBXFileReference; lastKnownFileType = sourcecode.swift; path = AppDelegate.swift; sourceTree = "<group>"; };
		D4E07EC225D61038003CD7DA /* SceneDelegate.swift */ = {isa = PBXFileReference; lastKnownFileType = sourcecode.swift; path = SceneDelegate.swift; sourceTree = "<group>"; };
		D4E07EC425D61038003CD7DA /* ViewController.swift */ = {isa = PBXFileReference; lastKnownFileType = sourcecode.swift; path = ViewController.swift; sourceTree = "<group>"; };
		D4E07EC725D61038003CD7DA /* Base */ = {isa = PBXFileReference; lastKnownFileType = file.storyboard; name = Base; path = Base.lproj/Main.storyboard; sourceTree = "<group>"; };
		D4E07EC925D6103D003CD7DA /* Assets.xcassets */ = {isa = PBXFileReference; lastKnownFileType = folder.assetcatalog; path = Assets.xcassets; sourceTree = "<group>"; };
		D4E07ECC25D6103D003CD7DA /* Base */ = {isa = PBXFileReference; lastKnownFileType = file.storyboard; name = Base; path = Base.lproj/LaunchScreen.storyboard; sourceTree = "<group>"; };
		D4E07ECE25D6103D003CD7DA /* Info.plist */ = {isa = PBXFileReference; lastKnownFileType = text.plist.xml; path = Info.plist; sourceTree = "<group>"; };
		D4E07ED725D610F5003CD7DA /* ImageZoomView.swift */ = {isa = PBXFileReference; lastKnownFileType = sourcecode.swift; path = ImageZoomView.swift; sourceTree = "<group>"; };
/* End PBXFileReference section */

/* Begin PBXFrameworksBuildPhase section */
		D4E07EBA25D61038003CD7DA /* Frameworks */ = {
			isa = PBXFrameworksBuildPhase;
			buildActionMask = 2147483647;
			files = (
			);
			runOnlyForDeploymentPostprocessing = 0;
		};
/* End PBXFrameworksBuildPhase section */

/* Begin PBXGroup section */
		D4E07EB425D61038003CD7DA = {
			isa = PBXGroup;
			children = (
				D4E07EBF25D61038003CD7DA /* ImageZoomView */,
				D4E07EBE25D61038003CD7DA /* Products */,
			);
			sourceTree = "<group>";
		};
		D4E07EBE25D61038003CD7DA /* Products */ = {
			isa = PBXGroup;
			children = (
				D4E07EBD25D61038003CD7DA /* ImageZoomView.app */,
			);
			name = Products;
			sourceTree = "<group>";
		};
		D4E07EBF25D61038003CD7DA /* ImageZoomView */ = {
			isa = PBXGroup;
			children = (
				D4E07EC025D61038003CD7DA /* AppDelegate.swift */,
				D4E07EC225D61038003CD7DA /* SceneDelegate.swift */,
				D4E07EC425D61038003CD7DA /* ViewController.swift */,
				D4E07ED725D610F5003CD7DA /* ImageZoomView.swift */,
				D4E07EC625D61038003CD7DA /* Main.storyboard */,
				D4E07EC925D6103D003CD7DA /* Assets.xcassets */,
				D4E07ECB25D6103D003CD7DA /* LaunchScreen.storyboard */,
				D4E07ECE25D6103D003CD7DA /* Info.plist */,
			);
			path = ImageZoomView;
			sourceTree = "<group>";
		};
/* End PBXGroup section */

/* Begin PBXNativeTarget section */
		D4E07EBC25D61038003CD7DA /* ImageZoomView */ = {
			isa = PBXNativeTarget;
			buildConfigurationList = D4E07ED125D6103D003CD7DA /* Build configuration list for PBXNativeTarget "ImageZoomView" */;
			buildPhases = (
				D4E07EB925D61038003CD7DA /* Sources */,
				D4E07EBA25D61038003CD7DA /* Frameworks */,
				D4E07EBB25D61038003CD7DA /* Resources */,
			);
			buildRules = (
			);
			dependencies = (
			);
			name = ImageZoomView;
			productName = ImageZoomView;
			productReference = D4E07EBD25D61038003CD7DA /* ImageZoomView.app */;
			productType = "com.apple.product-type.application";
		};
/* End PBXNativeTarget section */

/* Begin PBXProject section */
		D4E07EB525D61038003CD7DA /* Project object */ = {
			isa = PBXProject;
			attributes = {
				LastSwiftUpdateCheck = 1240;
				LastUpgradeCheck = 1240;
				TargetAttributes = {
					D4E07EBC25D61038003CD7DA = {
						CreatedOnToolsVersion = 12.4;
					};
				};
			};
			buildConfigurationList = D4E07EB825D61038003CD7DA /* Build configuration list for PBXProject "ImageZoomView" */;
			compatibilityVersion = "Xcode 9.3";
			developmentRegion = en;
			hasScannedForEncodings = 0;
			knownRegions = (
				en,
				Base,
			);
			mainGroup = D4E07EB425D61038003CD7DA;
			productRefGroup = D4E07EBE25D61038003CD7DA /* Products */;
			projectDirPath = "";
			projectRoot = "";
			targets = (
				D4E07EBC25D61038003CD7DA /* ImageZoomView */,
			);
		};
/* End PBXProject section */

/* Begin PBXResourcesBuildPhase section */
		D4E07EBB25D61038003CD7DA /* Resources */ = {
			isa = PBXResourcesBuildPhase;
			buildActionMask = 2147483647;
			files = (
				D4E07ECD25D6103D003CD7DA /* LaunchScreen.storyboard in Resources */,
				D4E07ECA25D6103D003CD7DA /* Assets.xcassets in Resources */,
				D4E07EC825D61038003CD7DA /* Main.storyboard in Resources */,
			);
			runOnlyForDeploymentPostprocessing = 0;
		};
/* End PBXResourcesBuildPhase section */

/* Begin PBXSourcesBuildPhase section */
		D4E07EB925D61038003CD7DA /* Sources */ = {
			isa = PBXSourcesBuildPhase;
			buildActionMask = 2147483647;
			files = (
				D4E07EC525D61038003CD7DA /* ViewController.swift in Sources */,
				D4E07ED825D610F5003CD7DA /* ImageZoomView.swift in Sources */,
				D4E07EC125D61038003CD7DA /* AppDelegate.swift in Sources */,
				D4E07EC325D61038003CD7DA /* SceneDelegate.swift in Sources */,
			);
			runOnlyForDeploymentPostprocessing = 0;
		};
/* End PBXSourcesBuildPhase section */

/* Begin PBXVariantGroup section */
		D4E07EC625D61038003CD7DA /* Main.storyboard */ = {
			isa = PBXVariantGroup;
			children = (
				D4E07EC725D61038003CD7DA /* Base */,
			);
			name = Main.storyboard;
			sourceTree = "<group>";
		};
		D4E07ECB25D6103D003CD7DA /* LaunchScreen.storyboard */ = {
			isa = PBXVariantGroup;
			children = (
				D4E07ECC25D6103D003CD7DA /* Base */,
			);
			name = LaunchScreen.storyboard;
			sourceTree = "<group>";
		};
/* End PBXVariantGroup section */

/* Begin XCBuildConfiguration section */
		D4E07ECF25D6103D003CD7DA /* Debug */ = {
			isa = XCBuildConfiguration;
			buildSettings = {
				ALWAYS_SEARCH_USER_PATHS = NO;
				CLANG_ANALYZER_NONNULL = YES;
				CLANG_ANALYZER_NUMBER_OBJECT_CONVERSION = YES_AGGRESSIVE;
				CLANG_CXX_LANGUAGE_STANDARD = "gnu++14";
				CLANG_CXX_LIBRARY = "libc++";
				CLANG_ENABLE_MODULES = YES;
				CLANG_ENABLE_OBJC_ARC = YES;
				CLANG_ENABLE_OBJC_WEAK = YES;
				CLANG_WARN_BLOCK_CAPTURE_AUTORELEASING = YES;
				CLANG_WARN_BOOL_CONVERSION = YES;
				CLANG_WARN_COMMA = YES;
				CLANG_WARN_CONSTANT_CONVERSION = YES;
				CLANG_WARN_DEPRECATED_OBJC_IMPLEMENTATIONS = YES;
				CLANG_WARN_DIRECT_OBJC_ISA_USAGE = YES_ERROR;
				CLANG_WARN_DOCUMENTATION_COMMENTS = YES;
				CLANG_WARN_EMPTY_BODY = YES;
				CLANG_WARN_ENUM_CONVERSION = YES;
				CLANG_WARN_INFINITE_RECURSION = YES;
				CLANG_WARN_INT_CONVERSION = YES;
				CLANG_WARN_NON_LITERAL_NULL_CONVERSION = YES;
				CLANG_WARN_OBJC_IMPLICIT_RETAIN_SELF = YES;
				CLANG_WARN_OBJC_LITERAL_CONVERSION = YES;
				CLANG_WARN_OBJC_ROOT_CLASS = YES_ERROR;
				CLANG_WARN_QUOTED_INCLUDE_IN_FRAMEWORK_HEADER = YES;
				CLANG_WARN_RANGE_LOOP_ANALYSIS = YES;
				CLANG_WARN_STRICT_PROTOTYPES = YES;
				CLANG_WARN_SUSPICIOUS_MOVE = YES;
				CLANG_WARN_UNGUARDED_AVAILABILITY = YES_AGGRESSIVE;
				CLANG_WARN_UNREACHABLE_CODE = YES;
				CLANG_WARN__DUPLICATE_METHOD_MATCH = YES;
				COPY_PHASE_STRIP = NO;
				DEBUG_INFORMATION_FORMAT = dwarf;
				ENABLE_STRICT_OBJC_MSGSEND = YES;
				ENABLE_TESTABILITY = YES;
				GCC_C_LANGUAGE_STANDARD = gnu11;
				GCC_DYNAMIC_NO_PIC = NO;
				GCC_NO_COMMON_BLOCKS = YES;
				GCC_OPTIMIZATION_LEVEL = 0;
				GCC_PREPROCESSOR_DEFINITIONS = (
					"DEBUG=1",
					"$(inherited)",
				);
				GCC_WARN_64_TO_32_BIT_CONVERSION = YES;
				GCC_WARN_ABOUT_RETURN_TYPE = YES_ERROR;
				GCC_WARN_UNDECLARED_SELECTOR = YES;
				GCC_WARN_UNINITIALIZED_AUTOS = YES_AGGRESSIVE;
				GCC_WARN_UNUSED_FUNCTION = YES;
				GCC_WARN_UNUSED_VARIABLE = YES;
				IPHONEOS_DEPLOYMENT_TARGET = 14.4;
				MTL_ENABLE_DEBUG_INFO = INCLUDE_SOURCE;
				MTL_FAST_MATH = YES;
				ONLY_ACTIVE_ARCH = YES;
				SDKROOT = iphoneos;
				SWIFT_ACTIVE_COMPILATION_CONDITIONS = DEBUG;
				SWIFT_OPTIMIZATION_LEVEL = "-Onone";
			};
			name = Debug;
		};
		D4E07ED025D6103D003CD7DA /* Release */ = {
			isa = XCBuildConfiguration;
			buildSettings = {
				ALWAYS_SEARCH_USER_PATHS = NO;
				CLANG_ANALYZER_NONNULL = YES;
				CLANG_ANALYZER_NUMBER_OBJECT_CONVERSION = YES_AGGRESSIVE;
				CLANG_CXX_LANGUAGE_STANDARD = "gnu++14";
				CLANG_CXX_LIBRARY = "libc++";
				CLANG_ENABLE_MODULES = YES;
				CLANG_ENABLE_OBJC_ARC = YES;
				CLANG_ENABLE_OBJC_WEAK = YES;
				CLANG_WARN_BLOCK_CAPTURE_AUTORELEASING = YES;
				CLANG_WARN_BOOL_CONVERSION = YES;
				CLANG_WARN_COMMA = YES;
				CLANG_WARN_CONSTANT_CONVERSION = YES;
				CLANG_WARN_DEPRECATED_OBJC_IMPLEMENTATIONS = YES;
				CLANG_WARN_DIRECT_OBJC_ISA_USAGE = YES_ERROR;
				CLANG_WARN_DOCUMENTATION_COMMENTS = YES;
				CLANG_WARN_EMPTY_BODY = YES;
				CLANG_WARN_ENUM_CONVERSION = YES;
				CLANG_WARN_INFINITE_RECURSION = YES;
				CLANG_WARN_INT_CONVERSION = YES;
				CLANG_WARN_NON_LITERAL_NULL_CONVERSION = YES;
				CLANG_WARN_OBJC_IMPLICIT_RETAIN_SELF = YES;
				CLANG_WARN_OBJC_LITERAL_CONVERSION = YES;
				CLANG_WARN_OBJC_ROOT_CLASS = YES_ERROR;
				CLANG_WARN_QUOTED_INCLUDE_IN_FRAMEWORK_HEADER = YES;
				CLANG_WARN_RANGE_LOOP_ANALYSIS = YES;
				CLANG_WARN_STRICT_PROTOTYPES = YES;
				CLANG_WARN_SUSPICIOUS_MOVE = YES;
				CLANG_WARN_UNGUARDED_AVAILABILITY = YES_AGGRESSIVE;
				CLANG_WARN_UNREACHABLE_CODE = YES;
				CLANG_WARN__DUPLICATE_METHOD_MATCH = YES;
				COPY_PHASE_STRIP = NO;
				DEBUG_INFORMATION_FORMAT = "dwarf-with-dsym";
				ENABLE_NS_ASSERTIONS = NO;
				ENABLE_STRICT_OBJC_MSGSEND = YES;
				GCC_C_LANGUAGE_STANDARD = gnu11;
				GCC_NO_COMMON_BLOCKS = YES;
				GCC_WARN_64_TO_32_BIT_CONVERSION = YES;
				GCC_WARN_ABOUT_RETURN_TYPE = YES_ERROR;
				GCC_WARN_UNDECLARED_SELECTOR = YES;
				GCC_WARN_UNINITIALIZED_AUTOS = YES_AGGRESSIVE;
				GCC_WARN_UNUSED_FUNCTION = YES;
				GCC_WARN_UNUSED_VARIABLE = YES;
				IPHONEOS_DEPLOYMENT_TARGET = 14.4;
				MTL_ENABLE_DEBUG_INFO = NO;
				MTL_FAST_MATH = YES;
				SDKROOT = iphoneos;
				SWIFT_COMPILATION_MODE = wholemodule;
				SWIFT_OPTIMIZATION_LEVEL = "-O";
				VALIDATE_PRODUCT = YES;
			};
			name = Release;
		};
		D4E07ED225D6103D003CD7DA /* Debug */ = {
			isa = XCBuildConfiguration;
			buildSettings = {
				ASSETCATALOG_COMPILER_APPICON_NAME = AppIcon;
				ASSETCATALOG_COMPILER_GLOBAL_ACCENT_COLOR_NAME = AccentColor;
				CODE_SIGN_STYLE = Automatic;
				DEVELOPMENT_TEAM = 6372HGMF4H;
				INFOPLIST_FILE = ImageZoomView/Info.plist;
				LD_RUNPATH_SEARCH_PATHS = (
					"$(inherited)",
					"@executable_path/Frameworks",
				);
				PRODUCT_BUNDLE_IDENTIFIER = stonybrook;
				PRODUCT_NAME = "$(TARGET_NAME)";
				SWIFT_VERSION = 5.0;
				TARGETED_DEVICE_FAMILY = "1,2";
			};
			name = Debug;
		};
		D4E07ED325D6103D003CD7DA /* Release */ = {
			isa = XCBuildConfiguration;
			buildSettings = {
				ASSETCATALOG_COMPILER_APPICON_NAME = AppIcon;
				ASSETCATALOG_COMPILER_GLOBAL_ACCENT_COLOR_NAME = AccentColor;
				CODE_SIGN_STYLE = Automatic;
				DEVELOPMENT_TEAM = 6372HGMF4H;
				INFOPLIST_FILE = ImageZoomView/Info.plist;
				LD_RUNPATH_SEARCH_PATHS = (
					"$(inherited)",
					"@executable_path/Frameworks",
				);
				PRODUCT_BUNDLE_IDENTIFIER = stonybrook;
				PRODUCT_NAME = "$(TARGET_NAME)";
				SWIFT_VERSION = 5.0;
				TARGETED_DEVICE_FAMILY = "1,2";
			};
			name = Release;
		};
/* End XCBuildConfiguration section */

/* Begin XCConfigurationList section */
		D4E07EB825D61038003CD7DA /* Build configuration list for PBXProject "ImageZoomView" */ = {
			isa = XCConfigurationList;
			buildConfigurations = (
				D4E07ECF25D6103D003CD7DA /* Debug */,
				D4E07ED025D6103D003CD7DA /* Release */,
			);
			defaultConfigurationIsVisible = 0;
			defaultConfigurationName = Release;
		};
		D4E07ED125D6103D003CD7DA /* Build configuration list for PBXNativeTarget "ImageZoomView" */ = {
			isa = XCConfigurationList;
			buildConfigurations = (
				D4E07ED225D6103D003CD7DA /* Debug */,
				D4E07ED325D6103D003CD7DA /* Release */,
			);
			defaultConfigurationIsVisible = 0;
			defaultConfigurationName = Release;
		};
/* End XCConfigurationList section */
	};
	rootObject = D4E07EB525D61038003CD7DA /* Project object */;
}
